// !$*UTF8*$!
{
	archiveVersion = 1;
	classes = {
	};
	objectVersion = 56;
	objects = {

/* Begin PBXBuildFile section */
		28520D332907A8F4000F6BAF /* CustomButton.swift in Sources */ = {isa = PBXBuildFile; fileRef = 28520D322907A8F4000F6BAF /* CustomButton.swift */; };
		28520D382907B713000F6BAF /* extensions.swift in Sources */ = {isa = PBXBuildFile; fileRef = 28520D372907B713000F6BAF /* extensions.swift */; };
		28520D3A2907B779000F6BAF /* CardView.swift in Sources */ = {isa = PBXBuildFile; fileRef = 28520D392907B779000F6BAF /* CardView.swift */; };
		28520D3F290C68A4000F6BAF /* CarMatch.swift in Sources */ = {isa = PBXBuildFile; fileRef = 28520D3E290C68A4000F6BAF /* CarMatch.swift */; };
		28520D63290CD92F000F6BAF /* ContentView.swift in Sources */ = {isa = PBXBuildFile; fileRef = 28520D62290CD92F000F6BAF /* ContentView.swift */; };
		28520D65290CD9D2000F6BAF /* Car.swift in Sources */ = {isa = PBXBuildFile; fileRef = 28520D64290CD9D2000F6BAF /* Car.swift */; };
		28520D67290CDA1B000F6BAF /* CarMatchVM.swift in Sources */ = {isa = PBXBuildFile; fileRef = 28520D66290CDA1B000F6BAF /* CarMatchVM.swift */; };
		2853DD0429031C350058162B /* carmatchApp.swift in Sources */ = {isa = PBXBuildFile; fileRef = 2853DD0329031C350058162B /* carmatchApp.swift */; };
		2853DD0829031C360058162B /* Assets.xcassets in Resources */ = {isa = PBXBuildFile; fileRef = 2853DD0729031C360058162B /* Assets.xcassets */; };
		2853DD0B29031C360058162B /* Preview Assets.xcassets in Resources */ = {isa = PBXBuildFile; fileRef = 2853DD0A29031C360058162B /* Preview Assets.xcassets */; };
		28A6B7A02906375E0076A183 /* AppIndex.swift in Sources */ = {isa = PBXBuildFile; fileRef = 28A6B79F2906375E0076A183 /* AppIndex.swift */; };
		28A6B7A5290647280076A183 /* ChatView.swift in Sources */ = {isa = PBXBuildFile; fileRef = 28A6B7A4290647280076A183 /* ChatView.swift */; };
		28BD59562905C4AF00E988AD /* ChatCell.swift in Sources */ = {isa = PBXBuildFile; fileRef = 28BD59552905C4AF00E988AD /* ChatCell.swift */; };
		28BD59582905D5B200E988AD /* Chats.swift in Sources */ = {isa = PBXBuildFile; fileRef = 28BD59572905D5B200E988AD /* Chats.swift */; };
/* End PBXBuildFile section */

/* Begin PBXFileReference section */
		28520D322907A8F4000F6BAF /* CustomButton.swift */ = {isa = PBXFileReference; lastKnownFileType = sourcecode.swift; path = CustomButton.swift; sourceTree = "<group>"; };
		28520D372907B713000F6BAF /* extensions.swift */ = {isa = PBXFileReference; lastKnownFileType = sourcecode.swift; path = extensions.swift; sourceTree = "<group>"; };
		28520D392907B779000F6BAF /* CardView.swift */ = {isa = PBXFileReference; lastKnownFileType = sourcecode.swift; path = CardView.swift; sourceTree = "<group>"; };
		28520D3E290C68A4000F6BAF /* CarMatch.swift */ = {isa = PBXFileReference; lastKnownFileType = sourcecode.swift; path = CarMatch.swift; sourceTree = "<group>"; };
		28520D62290CD92F000F6BAF /* ContentView.swift */ = {isa = PBXFileReference; lastKnownFileType = sourcecode.swift; path = ContentView.swift; sourceTree = "<group>"; };
		28520D64290CD9D2000F6BAF /* Car.swift */ = {isa = PBXFileReference; lastKnownFileType = sourcecode.swift; path = Car.swift; sourceTree = "<group>"; };
		28520D66290CDA1B000F6BAF /* CarMatchVM.swift */ = {isa = PBXFileReference; lastKnownFileType = sourcecode.swift; path = CarMatchVM.swift; sourceTree = "<group>"; };
		2853DD0029031C350058162B /* carmatch.app */ = {isa = PBXFileReference; explicitFileType = wrapper.application; includeInIndex = 0; path = carmatch.app; sourceTree = BUILT_PRODUCTS_DIR; };
		2853DD0329031C350058162B /* carmatchApp.swift */ = {isa = PBXFileReference; lastKnownFileType = sourcecode.swift; path = carmatchApp.swift; sourceTree = "<group>"; };
		2853DD0729031C360058162B /* Assets.xcassets */ = {isa = PBXFileReference; lastKnownFileType = folder.assetcatalog; path = Assets.xcassets; sourceTree = "<group>"; };
		2853DD0A29031C360058162B /* Preview Assets.xcassets */ = {isa = PBXFileReference; lastKnownFileType = folder.assetcatalog; path = "Preview Assets.xcassets"; sourceTree = "<group>"; };
		28A6B79F2906375E0076A183 /* AppIndex.swift */ = {isa = PBXFileReference; lastKnownFileType = sourcecode.swift; path = AppIndex.swift; sourceTree = "<group>"; };
		28A6B7A4290647280076A183 /* ChatView.swift */ = {isa = PBXFileReference; lastKnownFileType = sourcecode.swift; path = ChatView.swift; sourceTree = "<group>"; };
		28BD59552905C4AF00E988AD /* ChatCell.swift */ = {isa = PBXFileReference; lastKnownFileType = sourcecode.swift; path = ChatCell.swift; sourceTree = "<group>"; };
		28BD59572905D5B200E988AD /* Chats.swift */ = {isa = PBXFileReference; lastKnownFileType = sourcecode.swift; path = Chats.swift; sourceTree = "<group>"; };
/* End PBXFileReference section */

/* Begin PBXFrameworksBuildPhase section */
		2853DCFD29031C350058162B /* Frameworks */ = {
			isa = PBXFrameworksBuildPhase;
			buildActionMask = 2147483647;
			files = (
			);
			runOnlyForDeploymentPostprocessing = 0;
		};
/* End PBXFrameworksBuildPhase section */

/* Begin PBXGroup section */
		28520D342907B698000F6BAF /* custom views */ = {
			isa = PBXGroup;
			children = (
				28520D322907A8F4000F6BAF /* CustomButton.swift */,
			);
			path = "custom views";
			sourceTree = "<group>";
		};
		28520D352907B6B8000F6BAF /* sub views */ = {
			isa = PBXGroup;
			children = (
				28BD59552905C4AF00E988AD /* ChatCell.swift */,
			);
			path = "sub views";
			sourceTree = "<group>";
		};
		28520D362907B6CB000F6BAF /* extensions */ = {
			isa = PBXGroup;
			children = (
				28520D372907B713000F6BAF /* extensions.swift */,
			);
			path = extensions;
			sourceTree = "<group>";
		};
		28520D3D290C6886000F6BAF /* model */ = {
			isa = PBXGroup;
			children = (
				28520D3E290C68A4000F6BAF /* CarMatch.swift */,
				28520D64290CD9D2000F6BAF /* Car.swift */,
			);
			path = model;
			sourceTree = "<group>";
		};
		2853DCF729031C350058162B = {
			isa = PBXGroup;
			children = (
				2853DD0229031C350058162B /* carmatch */,
				2853DD0129031C350058162B /* Products */,
			);
			sourceTree = "<group>";
		};
		2853DD0129031C350058162B /* Products */ = {
			isa = PBXGroup;
			children = (
				2853DD0029031C350058162B /* carmatch.app */,
			);
			name = Products;
			sourceTree = "<group>";
		};
		2853DD0229031C350058162B /* carmatch */ = {
			isa = PBXGroup;
			children = (
				28520D3D290C6886000F6BAF /* model */,
				28520D362907B6CB000F6BAF /* extensions */,
				28520D352907B6B8000F6BAF /* sub views */,
				28520D342907B698000F6BAF /* custom views */,
				28A6B7A12906460D0076A183 /* view models */,
				28A6B79B290636F70076A183 /* views */,
				2853DD0329031C350058162B /* carmatchApp.swift */,
				28520D62290CD92F000F6BAF /* ContentView.swift */,
				2853DD0729031C360058162B /* Assets.xcassets */,
				2853DD0929031C360058162B /* Preview Content */,
			);
			path = carmatch;
			sourceTree = "<group>";
		};
		2853DD0929031C360058162B /* Preview Content */ = {
			isa = PBXGroup;
			children = (
				2853DD0A29031C360058162B /* Preview Assets.xcassets */,
			);
			path = "Preview Content";
			sourceTree = "<group>";
		};
		28A6B79B290636F70076A183 /* views */ = {
			isa = PBXGroup;
			children = (
				28A6B7A4290647280076A183 /* ChatView.swift */,
				28A6B79F2906375E0076A183 /* AppIndex.swift */,
				28520D392907B779000F6BAF /* CardView.swift */,
			);
			path = views;
			sourceTree = "<group>";
		};
		28A6B7A12906460D0076A183 /* view models */ = {
			isa = PBXGroup;
			children = (
				28BD59572905D5B200E988AD /* Chats.swift */,
				28520D66290CDA1B000F6BAF /* CarMatchVM.swift */,
			);
			path = "view models";
			sourceTree = "<group>";
		};
/* End PBXGroup section */

/* Begin PBXNativeTarget section */
		2853DCFF29031C350058162B /* carmatch */ = {
			isa = PBXNativeTarget;
			buildConfigurationList = 2853DD0E29031C360058162B /* Build configuration list for PBXNativeTarget "carmatch" */;
			buildPhases = (
				2853DCFC29031C350058162B /* Sources */,
				2853DCFD29031C350058162B /* Frameworks */,
				2853DCFE29031C350058162B /* Resources */,
			);
			buildRules = (
			);
			dependencies = (
			);
			name = carmatch;
			productName = carmatch;
			productReference = 2853DD0029031C350058162B /* carmatch.app */;
			productType = "com.apple.product-type.application";
		};
/* End PBXNativeTarget section */

/* Begin PBXProject section */
		2853DCF829031C350058162B /* Project object */ = {
			isa = PBXProject;
			attributes = {
				BuildIndependentTargetsInParallel = 1;
				LastSwiftUpdateCheck = 1400;
				LastUpgradeCheck = 1400;
				TargetAttributes = {
					2853DCFF29031C350058162B = {
						CreatedOnToolsVersion = 14.0.1;
					};
				};
			};
			buildConfigurationList = 2853DCFB29031C350058162B /* Build configuration list for PBXProject "carmatch" */;
			compatibilityVersion = "Xcode 14.0";
			developmentRegion = en;
			hasScannedForEncodings = 0;
			knownRegions = (
				en,
				Base,
			);
			mainGroup = 2853DCF729031C350058162B;
			productRefGroup = 2853DD0129031C350058162B /* Products */;
			projectDirPath = "";
			projectRoot = "";
			targets = (
				2853DCFF29031C350058162B /* carmatch */,
			);
		};
/* End PBXProject section */

/* Begin PBXResourcesBuildPhase section */
		2853DCFE29031C350058162B /* Resources */ = {
			isa = PBXResourcesBuildPhase;
			buildActionMask = 2147483647;
			files = (
				2853DD0B29031C360058162B /* Preview Assets.xcassets in Resources */,
				2853DD0829031C360058162B /* Assets.xcassets in Resources */,
			);
			runOnlyForDeploymentPostprocessing = 0;
		};
/* End PBXResourcesBuildPhase section */

/* Begin PBXSourcesBuildPhase section */
		2853DCFC29031C350058162B /* Sources */ = {
			isa = PBXSourcesBuildPhase;
			buildActionMask = 2147483647;
			files = (
				28BD59562905C4AF00E988AD /* ChatCell.swift in Sources */,
				28520D67290CDA1B000F6BAF /* CarMatchVM.swift in Sources */,
				28A6B7A5290647280076A183 /* ChatView.swift in Sources */,
				28520D65290CD9D2000F6BAF /* Car.swift in Sources */,
				28520D63290CD92F000F6BAF /* ContentView.swift in Sources */,
				28A6B7A02906375E0076A183 /* AppIndex.swift in Sources */,
				28520D3F290C68A4000F6BAF /* CarMatch.swift in Sources */,
				28520D382907B713000F6BAF /* extensions.swift in Sources */,
				2853DD0429031C350058162B /* carmatchApp.swift in Sources */,
				28520D332907A8F4000F6BAF /* CustomButton.swift in Sources */,
				28520D3A2907B779000F6BAF /* CardView.swift in Sources */,
				28BD59582905D5B200E988AD /* Chats.swift in Sources */,
			);
			runOnlyForDeploymentPostprocessing = 0;
		};
/* End PBXSourcesBuildPhase section */

/* Begin XCBuildConfiguration section */
		2853DD0C29031C360058162B /* Debug */ = {
			isa = XCBuildConfiguration;
			buildSettings = {
				ALWAYS_SEARCH_USER_PATHS = NO;
				CLANG_ANALYZER_NONNULL = YES;
				CLANG_ANALYZER_NUMBER_OBJECT_CONVERSION = YES_AGGRESSIVE;
				CLANG_CXX_LANGUAGE_STANDARD = "gnu++20";
				CLANG_ENABLE_MODULES = YES;
				CLANG_ENABLE_OBJC_ARC = YES;
				CLANG_ENABLE_OBJC_WEAK = YES;
				CLANG_WARN_BLOCK_CAPTURE_AUTORELEASING = YES;
				CLANG_WARN_BOOL_CONVERSION = YES;
				CLANG_WARN_COMMA = YES;
				CLANG_WARN_CONSTANT_CONVERSION = YES;
				CLANG_WARN_DEPRECATED_OBJC_IMPLEMENTATIONS = YES;
				CLANG_WARN_DIRECT_OBJC_ISA_USAGE = YES_ERROR;
				CLANG_WARN_DOCUMENTATION_COMMENTS = YES;
				CLANG_WARN_EMPTY_BODY = YES;
				CLANG_WARN_ENUM_CONVERSION = YES;
				CLANG_WARN_INFINITE_RECURSION = YES;
				CLANG_WARN_INT_CONVERSION = YES;
				CLANG_WARN_NON_LITERAL_NULL_CONVERSION = YES;
				CLANG_WARN_OBJC_IMPLICIT_RETAIN_SELF = YES;
				CLANG_WARN_OBJC_LITERAL_CONVERSION = YES;
				CLANG_WARN_OBJC_ROOT_CLASS = YES_ERROR;
				CLANG_WARN_QUOTED_INCLUDE_IN_FRAMEWORK_HEADER = YES;
				CLANG_WARN_RANGE_LOOP_ANALYSIS = YES;
				CLANG_WARN_STRICT_PROTOTYPES = YES;
				CLANG_WARN_SUSPICIOUS_MOVE = YES;
				CLANG_WARN_UNGUARDED_AVAILABILITY = YES_AGGRESSIVE;
				CLANG_WARN_UNREACHABLE_CODE = YES;
				CLANG_WARN__DUPLICATE_METHOD_MATCH = YES;
				COPY_PHASE_STRIP = NO;
				DEBUG_INFORMATION_FORMAT = dwarf;
				ENABLE_STRICT_OBJC_MSGSEND = YES;
				ENABLE_TESTABILITY = YES;
				GCC_C_LANGUAGE_STANDARD = gnu11;
				GCC_DYNAMIC_NO_PIC = NO;
				GCC_NO_COMMON_BLOCKS = YES;
				GCC_OPTIMIZATION_LEVEL = 0;
				GCC_PREPROCESSOR_DEFINITIONS = (
					"DEBUG=1",
					"$(inherited)",
				);
				GCC_WARN_64_TO_32_BIT_CONVERSION = YES;
				GCC_WARN_ABOUT_RETURN_TYPE = YES_ERROR;
				GCC_WARN_UNDECLARED_SELECTOR = YES;
				GCC_WARN_UNINITIALIZED_AUTOS = YES_AGGRESSIVE;
				GCC_WARN_UNUSED_FUNCTION = YES;
				GCC_WARN_UNUSED_VARIABLE = YES;
				IPHONEOS_DEPLOYMENT_TARGET = 16.0;
				MTL_ENABLE_DEBUG_INFO = INCLUDE_SOURCE;
				MTL_FAST_MATH = YES;
				ONLY_ACTIVE_ARCH = YES;
				SDKROOT = iphoneos;
				SWIFT_ACTIVE_COMPILATION_CONDITIONS = DEBUG;
				SWIFT_OPTIMIZATION_LEVEL = "-Onone";
			};
			name = Debug;
		};
		2853DD0D29031C360058162B /* Release */ = {
			isa = XCBuildConfiguration;
			buildSettings = {
				ALWAYS_SEARCH_USER_PATHS = NO;
				CLANG_ANALYZER_NONNULL = YES;
				CLANG_ANALYZER_NUMBER_OBJECT_CONVERSION = YES_AGGRESSIVE;
				CLANG_CXX_LANGUAGE_STANDARD = "gnu++20";
				CLANG_ENABLE_MODULES = YES;
				CLANG_ENABLE_OBJC_ARC = YES;
				CLANG_ENABLE_OBJC_WEAK = YES;
				CLANG_WARN_BLOCK_CAPTURE_AUTORELEASING = YES;
				CLANG_WARN_BOOL_CONVERSION = YES;
				CLANG_WARN_COMMA = YES;
				CLANG_WARN_CONSTANT_CONVERSION = YES;
				CLANG_WARN_DEPRECATED_OBJC_IMPLEMENTATIONS = YES;
				CLANG_WARN_DIRECT_OBJC_ISA_USAGE = YES_ERROR;
				CLANG_WARN_DOCUMENTATION_COMMENTS = YES;
				CLANG_WARN_EMPTY_BODY = YES;
				CLANG_WARN_ENUM_CONVERSION = YES;
				CLANG_WARN_INFINITE_RECURSION = YES;
				CLANG_WARN_INT_CONVERSION = YES;
				CLANG_WARN_NON_LITERAL_NULL_CONVERSION = YES;
				CLANG_WARN_OBJC_IMPLICIT_RETAIN_SELF = YES;
				CLANG_WARN_OBJC_LITERAL_CONVERSION = YES;
				CLANG_WARN_OBJC_ROOT_CLASS = YES_ERROR;
				CLANG_WARN_QUOTED_INCLUDE_IN_FRAMEWORK_HEADER = YES;
				CLANG_WARN_RANGE_LOOP_ANALYSIS = YES;
				CLANG_WARN_STRICT_PROTOTYPES = YES;
				CLANG_WARN_SUSPICIOUS_MOVE = YES;
				CLANG_WARN_UNGUARDED_AVAILABILITY = YES_AGGRESSIVE;
				CLANG_WARN_UNREACHABLE_CODE = YES;
				CLANG_WARN__DUPLICATE_METHOD_MATCH = YES;
				COPY_PHASE_STRIP = NO;
				DEBUG_INFORMATION_FORMAT = "dwarf-with-dsym";
				ENABLE_NS_ASSERTIONS = NO;
				ENABLE_STRICT_OBJC_MSGSEND = YES;
				GCC_C_LANGUAGE_STANDARD = gnu11;
				GCC_NO_COMMON_BLOCKS = YES;
				GCC_WARN_64_TO_32_BIT_CONVERSION = YES;
				GCC_WARN_ABOUT_RETURN_TYPE = YES_ERROR;
				GCC_WARN_UNDECLARED_SELECTOR = YES;
				GCC_WARN_UNINITIALIZED_AUTOS = YES_AGGRESSIVE;
				GCC_WARN_UNUSED_FUNCTION = YES;
				GCC_WARN_UNUSED_VARIABLE = YES;
				IPHONEOS_DEPLOYMENT_TARGET = 16.0;
				MTL_ENABLE_DEBUG_INFO = NO;
				MTL_FAST_MATH = YES;
				SDKROOT = iphoneos;
				SWIFT_COMPILATION_MODE = wholemodule;
				SWIFT_OPTIMIZATION_LEVEL = "-O";
				VALIDATE_PRODUCT = YES;
			};
			name = Release;
		};
		2853DD0F29031C360058162B /* Debug */ = {
			isa = XCBuildConfiguration;
			buildSettings = {
				ASSETCATALOG_COMPILER_APPICON_NAME = AppIcon;
				ASSETCATALOG_COMPILER_GLOBAL_ACCENT_COLOR_NAME = AccentColor;
				CODE_SIGN_STYLE = Automatic;
				CURRENT_PROJECT_VERSION = 1;
				DEVELOPMENT_ASSET_PATHS = "\"carmatch/Preview Content\"";
				DEVELOPMENT_TEAM = MGYWREGDW3;
				ENABLE_PREVIEWS = YES;
				GENERATE_INFOPLIST_FILE = YES;
				INFOPLIST_KEY_UIApplicationSceneManifest_Generation = YES;
				INFOPLIST_KEY_UIApplicationSupportsIndirectInputEvents = YES;
				INFOPLIST_KEY_UILaunchScreen_Generation = YES;
				INFOPLIST_KEY_UIRequiresFullScreen = YES;
				INFOPLIST_KEY_UISupportedInterfaceOrientations = "UIInterfaceOrientationPortrait UIInterfaceOrientationPortraitUpsideDown";
				LD_RUNPATH_SEARCH_PATHS = (
					"$(inherited)",
					"@executable_path/Frameworks",
				);
				MARKETING_VERSION = 1.0;
				PRODUCT_BUNDLE_IDENTIFIER = com.mainib.carmatch;
				PRODUCT_NAME = "$(TARGET_NAME)";
				SWIFT_EMIT_LOC_STRINGS = YES;
				SWIFT_VERSION = 5.0;
				TARGETED_DEVICE_FAMILY = "1,2";
			};
			name = Debug;
		};
		2853DD1029031C360058162B /* Release */ = {
			isa = XCBuildConfiguration;
			buildSettings = {
				ASSETCATALOG_COMPILER_APPICON_NAME = AppIcon;
				ASSETCATALOG_COMPILER_GLOBAL_ACCENT_COLOR_NAME = AccentColor;
				CODE_SIGN_STYLE = Automatic;
				CURRENT_PROJECT_VERSION = 1;
				DEVELOPMENT_ASSET_PATHS = "\"carmatch/Preview Content\"";
				DEVELOPMENT_TEAM = MGYWREGDW3;
				ENABLE_PREVIEWS = YES;
				GENERATE_INFOPLIST_FILE = YES;
				INFOPLIST_KEY_UIApplicationSceneManifest_Generation = YES;
				INFOPLIST_KEY_UIApplicationSupportsIndirectInputEvents = YES;
				INFOPLIST_KEY_UILaunchScreen_Generation = YES;
				INFOPLIST_KEY_UIRequiresFullScreen = YES;
				INFOPLIST_KEY_UISupportedInterfaceOrientations = "UIInterfaceOrientationPortrait UIInterfaceOrientationPortraitUpsideDown";
				LD_RUNPATH_SEARCH_PATHS = (
					"$(inherited)",
					"@executable_path/Frameworks",
				);
				MARKETING_VERSION = 1.0;
				PRODUCT_BUNDLE_IDENTIFIER = com.mainib.carmatch;
				PRODUCT_NAME = "$(TARGET_NAME)";
				SWIFT_EMIT_LOC_STRINGS = YES;
				SWIFT_VERSION = 5.0;
				TARGETED_DEVICE_FAMILY = "1,2";
			};
			name = Release;
		};
/* End XCBuildConfiguration section */

/* Begin XCConfigurationList section */
		2853DCFB29031C350058162B /* Build configuration list for PBXProject "carmatch" */ = {
			isa = XCConfigurationList;
			buildConfigurations = (
				2853DD0C29031C360058162B /* Debug */,
				2853DD0D29031C360058162B /* Release */,
			);
			defaultConfigurationIsVisible = 0;
			defaultConfigurationName = Release;
		};
		2853DD0E29031C360058162B /* Build configuration list for PBXNativeTarget "carmatch" */ = {
			isa = XCConfigurationList;
			buildConfigurations = (
				2853DD0F29031C360058162B /* Debug */,
				2853DD1029031C360058162B /* Release */,
			);
			defaultConfigurationIsVisible = 0;
			defaultConfigurationName = Release;
		};
/* End XCConfigurationList section */
	};
	rootObject = 2853DCF829031C350058162B /* Project object */;
}
